
Microsoft Visual Studio Solution File, Format Version 12.00
# Visual Studio 15
VisualStudioVersion = 15.0.34729.27
MinimumVisualStudioVersion = 10.0.40219.1
Project("{FAE04EC0-301F-11D3-BF4B-00C04F79EFBC}") = "ModuloIntroductorio8M", "ModuloIntroductorio8M\ModuloIntroductorio8M.csproj", "{CA79D87A-C10A-44DD-800C-4265B23FB2D0}"
EndProject
Global
	GlobalSection(SolutionConfigurationPlatforms) = preSolution
		Debug|Any CPU = Debug|Any CPU
		Release|Any CPU = Release|Any CPU
	EndGlobalSection
	GlobalSection(ProjectConfigurationPlatforms) = postSolution
		{CA79D87A-C10A-44DD-800C-4265B23FB2D0}.Debug|Any CPU.ActiveCfg = Debug|Any CPU
		{CA79D87A-C10A-44DD-800C-4265B23FB2D0}.Debug|Any CPU.Build.0 = Debug|Any CPU
		{CA79D87A-C10A-44DD-800C-4265B23FB2D0}.Release|Any CPU.ActiveCfg = Release|Any CPU
		{CA79D87A-C10A-44DD-800C-4265B23FB2D0}.Release|Any CPU.Build.0 = Release|Any CPU
	EndGlobalSection
	GlobalSection(SolutionProperties) = preSolution
		HideSolutionNode = FALSE
	EndGlobalSection
	GlobalSection(ExtensibilityGlobals) = postSolution
		SolutionGuid = {D8ED975D-323F-464E-A6B2-0C021DFF5EE8}
	EndGlobalSection
EndGlobal
